Microsoft Visual Studio Solution File, Format Version 12.00
# Visual Studio Version 17
VisualStudioVersion = 17.5.2.0
MinimumVisualStudioVersion = 10.0.40219.1
Project("{FAE04EC0-301F-11D3-BF4B-00C04F79EFBC}") = "Depot", "Depot\Depot.csproj", "{EAFF43EF-D2A3-F246-A9F3-1D6497F91711}"
EndProject
Project("{FAE04EC0-301F-11D3-BF4B-00C04F79EFBC}") = "Pret", "Pret\Pret.csproj", "{E6DCA655-A72E-CC8D-A6DE-A5BAA4AD7D1B}"
EndProject
Global
	GlobalSection(SolutionConfigurationPlatforms) = preSolution
		Debug|Any CPU = Debug|Any CPU
		Release|Any CPU = Release|Any CPU
	EndGlobalSection
	GlobalSection(ProjectConfigurationPlatforms) = postSolution
		{EAFF43EF-D2A3-F246-A9F3-1D6497F91711}.Debug|Any CPU.ActiveCfg = Debug|Any CPU
		{EAFF43EF-D2A3-F246-A9F3-1D6497F91711}.Debug|Any CPU.Build.0 = Debug|Any CPU
		{EAFF43EF-D2A3-F246-A9F3-1D6497F91711}.Release|Any CPU.ActiveCfg = Release|Any CPU
		{EAFF43EF-D2A3-F246-A9F3-1D6497F91711}.Release|Any CPU.Build.0 = Release|Any CPU
		{E6DCA655-A72E-CC8D-A6DE-A5BAA4AD7D1B}.Debug|Any CPU.ActiveCfg = Debug|Any CPU
		{E6DCA655-A72E-CC8D-A6DE-A5BAA4AD7D1B}.Debug|Any CPU.Build.0 = Debug|Any CPU
		{E6DCA655-A72E-CC8D-A6DE-A5BAA4AD7D1B}.Release|Any CPU.ActiveCfg = Release|Any CPU
		{E6DCA655-A72E-CC8D-A6DE-A5BAA4AD7D1B}.Release|Any CPU.Build.0 = Release|Any CPU
	EndGlobalSection
	GlobalSection(SolutionProperties) = preSolution
		HideSolutionNode = FALSE
	EndGlobalSection
	GlobalSection(ExtensibilityGlobals) = postSolution
		SolutionGuid = {69CEAF18-1AA8-41BF-9E3F-9CE7296091F9}
	EndGlobalSection
EndGlobal
